// !$*UTF8*$!
{
	archiveVersion = 1;
	classes = {
	};
	objectVersion = 56;
	objects = {

/* Begin PBXBuildFile section */
		1B35DF4D296EDA56008A7C49 /* DescriptionView.swift in Sources */ = {isa = PBXBuildFile; fileRef = 1B35DF4C296EDA56008A7C49 /* DescriptionView.swift */; };
		1B587BA42956FF3100A88D10 /* SentimentAnalysisApp.swift in Sources */ = {isa = PBXBuildFile; fileRef = 1B587BA32956FF3100A88D10 /* SentimentAnalysisApp.swift */; };
		1B587BA62956FF3100A88D10 /* ContentView.swift in Sources */ = {isa = PBXBuildFile; fileRef = 1B587BA52956FF3100A88D10 /* ContentView.swift */; };
		1B587BA82956FF3400A88D10 /* Assets.xcassets in Resources */ = {isa = PBXBuildFile; fileRef = 1B587BA72956FF3400A88D10 /* Assets.xcassets */; };
		1B587BAB2956FF3400A88D10 /* Preview Assets.xcassets in Resources */ = {isa = PBXBuildFile; fileRef = 1B587BAA2956FF3400A88D10 /* Preview Assets.xcassets */; };
		1B89BA83295C003800EE6731 /* HomeView.swift in Sources */ = {isa = PBXBuildFile; fileRef = 1B89BA82295C003800EE6731 /* HomeView.swift */; };
		1B89BA85295C00CD00EE6731 /* HistoryTableView.swift in Sources */ = {isa = PBXBuildFile; fileRef = 1B89BA84295C00CD00EE6731 /* HistoryTableView.swift */; };
		1B89BA9029617E0800EE6731 /* SentimentAnalysis.xcdatamodeld in Sources */ = {isa = PBXBuildFile; fileRef = 1B89BA8E29617E0800EE6731 /* SentimentAnalysis.xcdatamodeld */; };
		1B89BA9229617F9F00EE6731 /* DataController.swift in Sources */ = {isa = PBXBuildFile; fileRef = 1B89BA9129617F9F00EE6731 /* DataController.swift */; };
		1B89BA9429641B2000EE6731 /* HistoryDetailView.swift in Sources */ = {isa = PBXBuildFile; fileRef = 1B89BA9329641B2000EE6731 /* HistoryDetailView.swift */; };
		1B9651ED298C017400E98816 /* LowDataView.swift in Sources */ = {isa = PBXBuildFile; fileRef = 1B9651EC298C017400E98816 /* LowDataView.swift */; };
		1BB9A7C52957081000FCBE65 /* TweetModel.swift in Sources */ = {isa = PBXBuildFile; fileRef = 1BB9A7C42957081000FCBE65 /* TweetModel.swift */; };
		1BB9A7C72957084300FCBE65 /* ApiFetcher.swift in Sources */ = {isa = PBXBuildFile; fileRef = 1BB9A7C62957084300FCBE65 /* ApiFetcher.swift */; };
		1BB9A7D42957BCA600FCBE65 /* SentimentClassifier.mlmodel in Sources */ = {isa = PBXBuildFile; fileRef = 1BB9A7D32957BCA600FCBE65 /* SentimentClassifier.mlmodel */; };
		1BB9A7D7295ADBC700FCBE65 /* ResultView.swift in Sources */ = {isa = PBXBuildFile; fileRef = 1BB9A7D6295ADBC700FCBE65 /* ResultView.swift */; };
		38E04DFD84792C606D6D2E9C /* Pods_SentimentAnalysis.framework in Frameworks */ = {isa = PBXBuildFile; fileRef = CD33FC209CF7276B0E8EE450 /* Pods_SentimentAnalysis.framework */; };
/* End PBXBuildFile section */

/* Begin PBXFileReference section */
		1B35DF4C296EDA56008A7C49 /* DescriptionView.swift */ = {isa = PBXFileReference; lastKnownFileType = sourcecode.swift; path = DescriptionView.swift; sourceTree = "<group>"; };
		1B587BA32956FF3100A88D10 /* SentimentAnalysisApp.swift */ = {isa = PBXFileReference; lastKnownFileType = sourcecode.swift; path = SentimentAnalysisApp.swift; sourceTree = "<group>"; };
		1B587BA52956FF3100A88D10 /* ContentView.swift */ = {isa = PBXFileReference; lastKnownFileType = sourcecode.swift; path = ContentView.swift; sourceTree = "<group>"; };
		1B587BA72956FF3400A88D10 /* Assets.xcassets */ = {isa = PBXFileReference; lastKnownFileType = folder.assetcatalog; path = Assets.xcassets; sourceTree = "<group>"; };
		1B587BAA2956FF3400A88D10 /* Preview Assets.xcassets */ = {isa = PBXFileReference; lastKnownFileType = folder.assetcatalog; path = "Preview Assets.xcassets"; sourceTree = "<group>"; };
		1B89BA82295C003800EE6731 /* HomeView.swift */ = {isa = PBXFileReference; lastKnownFileType = sourcecode.swift; path = HomeView.swift; sourceTree = "<group>"; };
		1B89BA84295C00CD00EE6731 /* HistoryTableView.swift */ = {isa = PBXFileReference; lastKnownFileType = sourcecode.swift; path = HistoryTableView.swift; sourceTree = "<group>"; };
		1B89BA8F29617E0800EE6731 /* SentimentAnalysis.xcdatamodel */ = {isa = PBXFileReference; lastKnownFileType = wrapper.xcdatamodel; path = SentimentAnalysis.xcdatamodel; sourceTree = "<group>"; };
		1B89BA9129617F9F00EE6731 /* DataController.swift */ = {isa = PBXFileReference; lastKnownFileType = sourcecode.swift; path = DataController.swift; sourceTree = "<group>"; };
		1B89BA9329641B2000EE6731 /* HistoryDetailView.swift */ = {isa = PBXFileReference; lastKnownFileType = sourcecode.swift; path = HistoryDetailView.swift; sourceTree = "<group>"; };
		1B9651EC298C017400E98816 /* LowDataView.swift */ = {isa = PBXFileReference; lastKnownFileType = sourcecode.swift; path = LowDataView.swift; sourceTree = "<group>"; };
		1BB9A7C42957081000FCBE65 /* TweetModel.swift */ = {isa = PBXFileReference; lastKnownFileType = sourcecode.swift; path = TweetModel.swift; sourceTree = "<group>"; };
		1BB9A7C62957084300FCBE65 /* ApiFetcher.swift */ = {isa = PBXFileReference; lastKnownFileType = sourcecode.swift; path = ApiFetcher.swift; sourceTree = "<group>"; };
		1BB9A7CE295756ED00FCBE65 /* SentimentAnalysis.app */ = {isa = PBXFileReference; explicitFileType = wrapper.application; includeInIndex = 0; path = SentimentAnalysis.app; sourceTree = BUILT_PRODUCTS_DIR; };
		1BB9A7D32957BCA600FCBE65 /* SentimentClassifier.mlmodel */ = {isa = PBXFileReference; lastKnownFileType = file.mlmodel; path = SentimentClassifier.mlmodel; sourceTree = "<group>"; };
		1BB9A7D6295ADBC700FCBE65 /* ResultView.swift */ = {isa = PBXFileReference; lastKnownFileType = sourcecode.swift; path = ResultView.swift; sourceTree = "<group>"; };
		69FDA1AD7F012A897DC042A4 /* Pods-SentimentAnalysis.release.xcconfig */ = {isa = PBXFileReference; includeInIndex = 1; lastKnownFileType = text.xcconfig; name = "Pods-SentimentAnalysis.release.xcconfig"; path = "Target Support Files/Pods-SentimentAnalysis/Pods-SentimentAnalysis.release.xcconfig"; sourceTree = "<group>"; };
		CD33FC209CF7276B0E8EE450 /* Pods_SentimentAnalysis.framework */ = {isa = PBXFileReference; explicitFileType = wrapper.framework; includeInIndex = 0; path = Pods_SentimentAnalysis.framework; sourceTree = BUILT_PRODUCTS_DIR; };
		D9C7A3F6DA508077B7C1D926 /* Pods-SentimentAnalysis.debug.xcconfig */ = {isa = PBXFileReference; includeInIndex = 1; lastKnownFileType = text.xcconfig; name = "Pods-SentimentAnalysis.debug.xcconfig"; path = "Target Support Files/Pods-SentimentAnalysis/Pods-SentimentAnalysis.debug.xcconfig"; sourceTree = "<group>"; };
/* End PBXFileReference section */

/* Begin PBXFrameworksBuildPhase section */
		1B587B9D2956FF3100A88D10 /* Frameworks */ = {
			isa = PBXFrameworksBuildPhase;
			buildActionMask = 2147483647;
			files = (
				38E04DFD84792C606D6D2E9C /* Pods_SentimentAnalysis.framework in Frameworks */,
			);
			runOnlyForDeploymentPostprocessing = 0;
		};
/* End PBXFrameworksBuildPhase section */

/* Begin PBXGroup section */
		1335A403A862ACD9A07FEC3D /* Frameworks */ = {
			isa = PBXGroup;
			children = (
				CD33FC209CF7276B0E8EE450 /* Pods_SentimentAnalysis.framework */,
			);
			name = Frameworks;
			sourceTree = "<group>";
		};
		1B587B972956FF3100A88D10 = {
			isa = PBXGroup;
			children = (
				1BB9A7D32957BCA600FCBE65 /* SentimentClassifier.mlmodel */,
				1B587BA22956FF3100A88D10 /* SentimentAnalysis */,
				FAC3C10481929D660E3E5E1B /* Pods */,
				1335A403A862ACD9A07FEC3D /* Frameworks */,
				1BB9A7CE295756ED00FCBE65 /* SentimentAnalysis.app */,
			);
			sourceTree = "<group>";
		};
		1B587BA22956FF3100A88D10 /* SentimentAnalysis */ = {
			isa = PBXGroup;
			children = (
				1B587BA32956FF3100A88D10 /* SentimentAnalysisApp.swift */,
				1B587BA52956FF3100A88D10 /* ContentView.swift */,
				1B35DF4C296EDA56008A7C49 /* DescriptionView.swift */,
				1B89BA84295C00CD00EE6731 /* HistoryTableView.swift */,
				1B89BA9329641B2000EE6731 /* HistoryDetailView.swift */,
				1B89BA82295C003800EE6731 /* HomeView.swift */,
				1BB9A7D6295ADBC700FCBE65 /* ResultView.swift */,
				1B9651EC298C017400E98816 /* LowDataView.swift */,
				1BB9A7C42957081000FCBE65 /* TweetModel.swift */,
				1BB9A7C62957084300FCBE65 /* ApiFetcher.swift */,
				1B587BA72956FF3400A88D10 /* Assets.xcassets */,
				1B587BA92956FF3400A88D10 /* Preview Content */,
				1B89BA8E29617E0800EE6731 /* SentimentAnalysis.xcdatamodeld */,
				1B89BA9129617F9F00EE6731 /* DataController.swift */,
			);
			path = SentimentAnalysis;
			sourceTree = "<group>";
		};
		1B587BA92956FF3400A88D10 /* Preview Content */ = {
			isa = PBXGroup;
			children = (
				1B587BAA2956FF3400A88D10 /* Preview Assets.xcassets */,
			);
			path = "Preview Content";
			sourceTree = "<group>";
		};
		FAC3C10481929D660E3E5E1B /* Pods */ = {
			isa = PBXGroup;
			children = (
				D9C7A3F6DA508077B7C1D926 /* Pods-SentimentAnalysis.debug.xcconfig */,
				69FDA1AD7F012A897DC042A4 /* Pods-SentimentAnalysis.release.xcconfig */,
			);
			path = Pods;
			sourceTree = "<group>";
		};
/* End PBXGroup section */

/* Begin PBXNativeTarget section */
		1B587B9F2956FF3100A88D10 /* SentimentAnalysis */ = {
			isa = PBXNativeTarget;
			buildConfigurationList = 1B587BAE2956FF3400A88D10 /* Build configuration list for PBXNativeTarget "SentimentAnalysis" */;
			buildPhases = (
				7CC4B3BB8A48F63D8656DE31 /* [CP] Check Pods Manifest.lock */,
				1B587B9C2956FF3100A88D10 /* Sources */,
				1B587B9D2956FF3100A88D10 /* Frameworks */,
				1B587B9E2956FF3100A88D10 /* Resources */,
				319D2139BBE0244DFF03D46A /* [CP] Embed Pods Frameworks */,
			);
			buildRules = (
			);
			dependencies = (
			);
			name = SentimentAnalysis;
			productName = SentimentAnalysis;
			productReference = 1BB9A7CE295756ED00FCBE65 /* SentimentAnalysis.app */;
			productType = "com.apple.product-type.application";
		};
/* End PBXNativeTarget section */

/* Begin PBXProject section */
		1B587B982956FF3100A88D10 /* Project object */ = {
			isa = PBXProject;
			attributes = {
				BuildIndependentTargetsInParallel = 1;
				LastSwiftUpdateCheck = 1420;
				LastUpgradeCheck = 1430;
				TargetAttributes = {
					1B587B9F2956FF3100A88D10 = {
						CreatedOnToolsVersion = 14.2;
					};
				};
			};
			buildConfigurationList = 1B587B9B2956FF3100A88D10 /* Build configuration list for PBXProject "SentimentAnalysis" */;
			compatibilityVersion = "Xcode 14.0";
			developmentRegion = ja;
			hasScannedForEncodings = 0;
			knownRegions = (
				en,
				Base,
				ja,
			);
			mainGroup = 1B587B972956FF3100A88D10;
			productRefGroup = 1B587B972956FF3100A88D10;
			projectDirPath = "";
			projectRoot = "";
			targets = (
				1B587B9F2956FF3100A88D10 /* SentimentAnalysis */,
			);
		};
/* End PBXProject section */

/* Begin PBXResourcesBuildPhase section */
		1B587B9E2956FF3100A88D10 /* Resources */ = {
			isa = PBXResourcesBuildPhase;
			buildActionMask = 2147483647;
			files = (
				1B587BAB2956FF3400A88D10 /* Preview Assets.xcassets in Resources */,
				1B587BA82956FF3400A88D10 /* Assets.xcassets in Resources */,
			);
			runOnlyForDeploymentPostprocessing = 0;
		};
/* End PBXResourcesBuildPhase section */

/* Begin PBXShellScriptBuildPhase section */
		319D2139BBE0244DFF03D46A /* [CP] Embed Pods Frameworks */ = {
			isa = PBXShellScriptBuildPhase;
			buildActionMask = 2147483647;
			files = (
			);
			inputFileListPaths = (
				"${PODS_ROOT}/Target Support Files/Pods-SentimentAnalysis/Pods-SentimentAnalysis-frameworks-${CONFIGURATION}-input-files.xcfilelist",
			);
			name = "[CP] Embed Pods Frameworks";
			outputFileListPaths = (
				"${PODS_ROOT}/Target Support Files/Pods-SentimentAnalysis/Pods-SentimentAnalysis-frameworks-${CONFIGURATION}-output-files.xcfilelist",
			);
			runOnlyForDeploymentPostprocessing = 0;
			shellPath = /bin/sh;
			shellScript = "\"${PODS_ROOT}/Target Support Files/Pods-SentimentAnalysis/Pods-SentimentAnalysis-frameworks.sh\"\n";
			showEnvVarsInLog = 0;
		};
		7CC4B3BB8A48F63D8656DE31 /* [CP] Check Pods Manifest.lock */ = {
			isa = PBXShellScriptBuildPhase;
			buildActionMask = 2147483647;
			files = (
			);
			inputFileListPaths = (
			);
			inputPaths = (
				"${PODS_PODFILE_DIR_PATH}/Podfile.lock",
				"${PODS_ROOT}/Manifest.lock",
			);
			name = "[CP] Check Pods Manifest.lock";
			outputFileListPaths = (
			);
			outputPaths = (
				"$(DERIVED_FILE_DIR)/Pods-SentimentAnalysis-checkManifestLockResult.txt",
			);
			runOnlyForDeploymentPostprocessing = 0;
			shellPath = /bin/sh;
			shellScript = "diff \"${PODS_PODFILE_DIR_PATH}/Podfile.lock\" \"${PODS_ROOT}/Manifest.lock\" > /dev/null\nif [ $? != 0 ] ; then\n    # print error to STDERR\n    echo \"error: The sandbox is not in sync with the Podfile.lock. Run 'pod install' or update your CocoaPods installation.\" >&2\n    exit 1\nfi\n# This output is used by Xcode 'outputs' to avoid re-running this script phase.\necho \"SUCCESS\" > \"${SCRIPT_OUTPUT_FILE_0}\"\n";
			showEnvVarsInLog = 0;
		};
/* End PBXShellScriptBuildPhase section */

/* Begin PBXSourcesBuildPhase section */
		1B587B9C2956FF3100A88D10 /* Sources */ = {
			isa = PBXSourcesBuildPhase;
			buildActionMask = 2147483647;
			files = (
				1BB9A7C52957081000FCBE65 /* TweetModel.swift in Sources */,
				1B89BA85295C00CD00EE6731 /* HistoryTableView.swift in Sources */,
				1B89BA83295C003800EE6731 /* HomeView.swift in Sources */,
				1B35DF4D296EDA56008A7C49 /* DescriptionView.swift in Sources */,
				1B587BA62956FF3100A88D10 /* ContentView.swift in Sources */,
				1BB9A7C72957084300FCBE65 /* ApiFetcher.swift in Sources */,
				1B9651ED298C017400E98816 /* LowDataView.swift in Sources */,
				1B89BA9229617F9F00EE6731 /* DataController.swift in Sources */,
				1B587BA42956FF3100A88D10 /* SentimentAnalysisApp.swift in Sources */,
				1B89BA9429641B2000EE6731 /* HistoryDetailView.swift in Sources */,
				1BB9A7D42957BCA600FCBE65 /* SentimentClassifier.mlmodel in Sources */,
				1B89BA9029617E0800EE6731 /* SentimentAnalysis.xcdatamodeld in Sources */,
				1BB9A7D7295ADBC700FCBE65 /* ResultView.swift in Sources */,
			);
			runOnlyForDeploymentPostprocessing = 0;
		};
/* End PBXSourcesBuildPhase section */

/* Begin XCBuildConfiguration section */
		1B587BAC2956FF3400A88D10 /* Debug */ = {
			isa = XCBuildConfiguration;
			buildSettings = {
				ALWAYS_SEARCH_USER_PATHS = NO;
				CLANG_ANALYZER_LOCALIZABILITY_NONLOCALIZED = YES;
				CLANG_ANALYZER_NONNULL = YES;
				CLANG_ANALYZER_NUMBER_OBJECT_CONVERSION = YES_AGGRESSIVE;
				CLANG_CXX_LANGUAGE_STANDARD = "gnu++20";
				CLANG_ENABLE_MODULES = YES;
				CLANG_ENABLE_OBJC_ARC = YES;
				CLANG_ENABLE_OBJC_WEAK = YES;
				CLANG_WARN_BLOCK_CAPTURE_AUTORELEASING = YES;
				CLANG_WARN_BOOL_CONVERSION = YES;
				CLANG_WARN_COMMA = YES;
				CLANG_WARN_CONSTANT_CONVERSION = YES;
				CLANG_WARN_DEPRECATED_OBJC_IMPLEMENTATIONS = YES;
				CLANG_WARN_DIRECT_OBJC_ISA_USAGE = YES_ERROR;
				CLANG_WARN_DOCUMENTATION_COMMENTS = YES;
				CLANG_WARN_EMPTY_BODY = YES;
				CLANG_WARN_ENUM_CONVERSION = YES;
				CLANG_WARN_INFINITE_RECURSION = YES;
				CLANG_WARN_INT_CONVERSION = YES;
				CLANG_WARN_NON_LITERAL_NULL_CONVERSION = YES;
				CLANG_WARN_OBJC_IMPLICIT_RETAIN_SELF = YES;
				CLANG_WARN_OBJC_LITERAL_CONVERSION = YES;
				CLANG_WARN_OBJC_ROOT_CLASS = YES_ERROR;
				CLANG_WARN_QUOTED_INCLUDE_IN_FRAMEWORK_HEADER = YES;
				CLANG_WARN_RANGE_LOOP_ANALYSIS = YES;
				CLANG_WARN_STRICT_PROTOTYPES = YES;
				CLANG_WARN_SUSPICIOUS_MOVE = YES;
				CLANG_WARN_UNGUARDED_AVAILABILITY = YES_AGGRESSIVE;
				CLANG_WARN_UNREACHABLE_CODE = YES;
				CLANG_WARN__DUPLICATE_METHOD_MATCH = YES;
				COPY_PHASE_STRIP = NO;
				DEBUG_INFORMATION_FORMAT = dwarf;
				ENABLE_STRICT_OBJC_MSGSEND = YES;
				ENABLE_TESTABILITY = YES;
				GCC_C_LANGUAGE_STANDARD = gnu11;
				GCC_DYNAMIC_NO_PIC = NO;
				GCC_NO_COMMON_BLOCKS = YES;
				GCC_OPTIMIZATION_LEVEL = 0;
				GCC_PREPROCESSOR_DEFINITIONS = (
					"DEBUG=1",
					"$(inherited)",
				);
				GCC_WARN_64_TO_32_BIT_CONVERSION = YES;
				GCC_WARN_ABOUT_RETURN_TYPE = YES_ERROR;
				GCC_WARN_UNDECLARED_SELECTOR = YES;
				GCC_WARN_UNINITIALIZED_AUTOS = YES_AGGRESSIVE;
				GCC_WARN_UNUSED_FUNCTION = YES;
				GCC_WARN_UNUSED_VARIABLE = YES;
				IPHONEOS_DEPLOYMENT_TARGET = 16.0;
				MTL_ENABLE_DEBUG_INFO = INCLUDE_SOURCE;
				MTL_FAST_MATH = YES;
				ONLY_ACTIVE_ARCH = YES;
				SDKROOT = iphoneos;
				SWIFT_ACTIVE_COMPILATION_CONDITIONS = DEBUG;
				SWIFT_OPTIMIZATION_LEVEL = "-Onone";
			};
			name = Debug;
		};
		1B587BAD2956FF3400A88D10 /* Release */ = {
			isa = XCBuildConfiguration;
			buildSettings = {
				ALWAYS_SEARCH_USER_PATHS = NO;
				CLANG_ANALYZER_LOCALIZABILITY_NONLOCALIZED = YES;
				CLANG_ANALYZER_NONNULL = YES;
				CLANG_ANALYZER_NUMBER_OBJECT_CONVERSION = YES_AGGRESSIVE;
				CLANG_CXX_LANGUAGE_STANDARD = "gnu++20";
				CLANG_ENABLE_MODULES = YES;
				CLANG_ENABLE_OBJC_ARC = YES;
				CLANG_ENABLE_OBJC_WEAK = YES;
				CLANG_WARN_BLOCK_CAPTURE_AUTORELEASING = YES;
				CLANG_WARN_BOOL_CONVERSION = YES;
				CLANG_WARN_COMMA = YES;
				CLANG_WARN_CONSTANT_CONVERSION = YES;
				CLANG_WARN_DEPRECATED_OBJC_IMPLEMENTATIONS = YES;
				CLANG_WARN_DIRECT_OBJC_ISA_USAGE = YES_ERROR;
				CLANG_WARN_DOCUMENTATION_COMMENTS = YES;
				CLANG_WARN_EMPTY_BODY = YES;
				CLANG_WARN_ENUM_CONVERSION = YES;
				CLANG_WARN_INFINITE_RECURSION = YES;
				CLANG_WARN_INT_CONVERSION = YES;
				CLANG_WARN_NON_LITERAL_NULL_CONVERSION = YES;
				CLANG_WARN_OBJC_IMPLICIT_RETAIN_SELF = YES;
				CLANG_WARN_OBJC_LITERAL_CONVERSION = YES;
				CLANG_WARN_OBJC_ROOT_CLASS = YES_ERROR;
				CLANG_WARN_QUOTED_INCLUDE_IN_FRAMEWORK_HEADER = YES;
				CLANG_WARN_RANGE_LOOP_ANALYSIS = YES;
				CLANG_WARN_STRICT_PROTOTYPES = YES;
				CLANG_WARN_SUSPICIOUS_MOVE = YES;
				CLANG_WARN_UNGUARDED_AVAILABILITY = YES_AGGRESSIVE;
				CLANG_WARN_UNREACHABLE_CODE = YES;
				CLANG_WARN__DUPLICATE_METHOD_MATCH = YES;
				COPY_PHASE_STRIP = NO;
				DEBUG_INFORMATION_FORMAT = "dwarf-with-dsym";
				ENABLE_NS_ASSERTIONS = NO;
				ENABLE_STRICT_OBJC_MSGSEND = YES;
				GCC_C_LANGUAGE_STANDARD = gnu11;
				GCC_NO_COMMON_BLOCKS = YES;
				GCC_WARN_64_TO_32_BIT_CONVERSION = YES;
				GCC_WARN_ABOUT_RETURN_TYPE = YES_ERROR;
				GCC_WARN_UNDECLARED_SELECTOR = YES;
				GCC_WARN_UNINITIALIZED_AUTOS = YES_AGGRESSIVE;
				GCC_WARN_UNUSED_FUNCTION = YES;
				GCC_WARN_UNUSED_VARIABLE = YES;
				IPHONEOS_DEPLOYMENT_TARGET = 16.0;
				MTL_ENABLE_DEBUG_INFO = NO;
				MTL_FAST_MATH = YES;
				SDKROOT = iphoneos;
				SWIFT_COMPILATION_MODE = wholemodule;
				SWIFT_OPTIMIZATION_LEVEL = "-O";
				VALIDATE_PRODUCT = YES;
			};
			name = Release;
		};
		1B587BAF2956FF3400A88D10 /* Debug */ = {
			isa = XCBuildConfiguration;
			baseConfigurationReference = D9C7A3F6DA508077B7C1D926 /* Pods-SentimentAnalysis.debug.xcconfig */;
			buildSettings = {
				ASSETCATALOG_COMPILER_APPICON_NAME = AppIcon;
				ASSETCATALOG_COMPILER_GLOBAL_ACCENT_COLOR_NAME = AccentColor;
				CODE_SIGN_STYLE = Automatic;
				CURRENT_PROJECT_VERSION = 1;
				DEVELOPMENT_ASSET_PATHS = "\"SentimentAnalysis/Preview Content\"";
				DEVELOPMENT_TEAM = XU74GKY8PX;
				ENABLE_PREVIEWS = YES;
				GENERATE_INFOPLIST_FILE = YES;
				INFOPLIST_KEY_CFBundleDisplayName = "感情分析";
				INFOPLIST_KEY_UIApplicationSceneManifest_Generation = YES;
				INFOPLIST_KEY_UIApplicationSupportsIndirectInputEvents = YES;
				INFOPLIST_KEY_UILaunchScreen_Generation = YES;
				INFOPLIST_KEY_UISupportedInterfaceOrientations_iPad = "UIInterfaceOrientationPortrait UIInterfaceOrientationPortraitUpsideDown UIInterfaceOrientationLandscapeLeft UIInterfaceOrientationLandscapeRight";
				INFOPLIST_KEY_UISupportedInterfaceOrientations_iPhone = "UIInterfaceOrientationPortrait UIInterfaceOrientationLandscapeLeft UIInterfaceOrientationLandscapeRight";
				INFOPLIST_KEY_UIUserInterfaceStyle = Light;
				IPHONEOS_DEPLOYMENT_TARGET = 16.0;
				LD_RUNPATH_SEARCH_PATHS = (
					"$(inherited)",
					"@executable_path/Frameworks",
				);
				MARKETING_VERSION = 1.1;
				PRODUCT_BUNDLE_IDENTIFIER = com.hideto.SentimentAnalysis;
				PRODUCT_NAME = "$(TARGET_NAME)";
				SWIFT_EMIT_LOC_STRINGS = YES;
				SWIFT_VERSION = 5.0;
				TARGETED_DEVICE_FAMILY = "1,2";
			};
			name = Debug;
		};
		1B587BB02956FF3400A88D10 /* Release */ = {
			isa = XCBuildConfiguration;
			baseConfigurationReference = 69FDA1AD7F012A897DC042A4 /* Pods-SentimentAnalysis.release.xcconfig */;
			buildSettings = {
				ASSETCATALOG_COMPILER_APPICON_NAME = AppIcon;
				ASSETCATALOG_COMPILER_GLOBAL_ACCENT_COLOR_NAME = AccentColor;
				CODE_SIGN_STYLE = Automatic;
				CURRENT_PROJECT_VERSION = 1;
				DEVELOPMENT_ASSET_PATHS = "\"SentimentAnalysis/Preview Content\"";
				DEVELOPMENT_TEAM = XU74GKY8PX;
				ENABLE_PREVIEWS = YES;
				GENERATE_INFOPLIST_FILE = YES;
				INFOPLIST_KEY_CFBundleDisplayName = "感情分析";
				INFOPLIST_KEY_UIApplicationSceneManifest_Generation = YES;
				INFOPLIST_KEY_UIApplicationSupportsIndirectInputEvents = YES;
				INFOPLIST_KEY_UILaunchScreen_Generation = YES;
				INFOPLIST_KEY_UISupportedInterfaceOrientations_iPad = "UIInterfaceOrientationPortrait UIInterfaceOrientationPortraitUpsideDown UIInterfaceOrientationLandscapeLeft UIInterfaceOrientationLandscapeRight";
				INFOPLIST_KEY_UISupportedInterfaceOrientations_iPhone = "UIInterfaceOrientationPortrait UIInterfaceOrientationLandscapeLeft UIInterfaceOrientationLandscapeRight";
				INFOPLIST_KEY_UIUserInterfaceStyle = Light;
				IPHONEOS_DEPLOYMENT_TARGET = 16.0;
				LD_RUNPATH_SEARCH_PATHS = (
					"$(inherited)",
					"@executable_path/Frameworks",
				);
				MARKETING_VERSION = 1.1;
				PRODUCT_BUNDLE_IDENTIFIER = com.hideto.SentimentAnalysis;
				PRODUCT_NAME = "$(TARGET_NAME)";
				SWIFT_EMIT_LOC_STRINGS = YES;
				SWIFT_VERSION = 5.0;
				TARGETED_DEVICE_FAMILY = "1,2";
			};
			name = Release;
		};
/* End XCBuildConfiguration section */

/* Begin XCConfigurationList section */
		1B587B9B2956FF3100A88D10 /* Build configuration list for PBXProject "SentimentAnalysis" */ = {
			isa = XCConfigurationList;
			buildConfigurations = (
				1B587BAC2956FF3400A88D10 /* Debug */,
				1B587BAD2956FF3400A88D10 /* Release */,
			);
			defaultConfigurationIsVisible = 0;
			defaultConfigurationName = Release;
		};
		1B587BAE2956FF3400A88D10 /* Build configuration list for PBXNativeTarget "SentimentAnalysis" */ = {
			isa = XCConfigurationList;
			buildConfigurations = (
				1B587BAF2956FF3400A88D10 /* Debug */,
				1B587BB02956FF3400A88D10 /* Release */,
			);
			defaultConfigurationIsVisible = 0;
			defaultConfigurationName = Release;
		};
/* End XCConfigurationList section */

/* Begin XCVersionGroup section */
		1B89BA8E29617E0800EE6731 /* SentimentAnalysis.xcdatamodeld */ = {
			isa = XCVersionGroup;
			children = (
				1B89BA8F29617E0800EE6731 /* SentimentAnalysis.xcdatamodel */,
			);
			currentVersion = 1B89BA8F29617E0800EE6731 /* SentimentAnalysis.xcdatamodel */;
			path = SentimentAnalysis.xcdatamodeld;
			sourceTree = "<group>";
			versionGroupType = wrapper.xcdatamodel;
		};
/* End XCVersionGroup section */
	};
	rootObject = 1B587B982956FF3100A88D10 /* Project object */;
}
